PODS:
  - CocoaImageHashing (1.9.0)
  - Crashlytics (3.14.0):
    - Fabric (~> 1.10.2)
  - Fabric (1.10.2)
  - PureLayout (3.1.9)
  - SVProgressHUD (2.2.5)
  - Toast (4.0.0)

DEPENDENCIES:
  - CocoaImageHashing (from `https://github.com/ameingast/cocoaimagehashing.git`)
  - Crashlytics
  - Fabric
  - PureLayout
  - SVProgressHUD
  - Toast

SPEC REPOS:
  trunk:
    - Crashlytics
    - Fabric
    - PureLayout
    - SVProgressHUD
    - Toast

EXTERNAL SOURCES:
  CocoaImageHashing:
    :git: https://github.com/ameingast/cocoaimagehashing.git

CHECKOUT OPTIONS:
  CocoaImageHashing:
    :commit: ad01eee3c3f91bd181f7f4eba7f48f7cb211b51c
    :git: https://github.com/ameingast/cocoaimagehashing.git

SPEC CHECKSUMS:
  CocoaImageHashing: 8656031d0899abe6c1c415827de43e9798189c53
  Crashlytics: 9220f5bc89e7a618df411b4f639389dbfb0e03d2
  Fabric: ea977e3cd9c20425516d3dafd3bf8c941c51223f
  PureLayout: 5fb5e5429519627d60d079ccb1eaa7265ce7cf88
  SVProgressHUD: 1428aafac632c1f86f62aa4243ec12008d7a51d6
  Toast: 91b396c56ee72a5790816f40d3a94dd357abc196

PODFILE CHECKSUM: 5aa1f77ef782f74e0fd9af037587aec90f26b0e8

COCOAPODS: 1.11.2
